
Microsoft Visual Studio Solution File, Format Version 12.00
# Visual Studio Version 17
VisualStudioVersion = 17.14.36518.9 d17.14
MinimumVisualStudioVersion = 10.0.40219.1
Project("{FAE04EC0-301F-11D3-BF4B-00C04F79EFBC}") = "VesselMayCrySE", "VesselMayCrySE.csproj", "{172C1048-5215-A0A8-F3E4-B6E98EB91D24}"
EndProject
Global
	GlobalSection(SolutionConfigurationPlatforms) = preSolution
		Debug|Any CPU = Debug|Any CPU
		Release|Any CPU = Release|Any CPU
	EndGlobalSection
	GlobalSection(ProjectConfigurationPlatforms) = postSolution
		{172C1048-5215-A0A8-F3E4-B6E98EB91D24}.Debug|Any CPU.ActiveCfg = Debug|Any CPU
		{172C1048-5215-A0A8-F3E4-B6E98EB91D24}.Debug|Any CPU.Build.0 = Debug|Any CPU
		{172C1048-5215-A0A8-F3E4-B6E98EB91D24}.Release|Any CPU.ActiveCfg = Release|Any CPU
		{172C1048-5215-A0A8-F3E4-B6E98EB91D24}.Release|Any CPU.Build.0 = Release|Any CPU
	EndGlobalSection
	GlobalSection(SolutionProperties) = preSolution
		HideSolutionNode = FALSE
	EndGlobalSection
	GlobalSection(ExtensibilityGlobals) = postSolution
		SolutionGuid = {B70DF02A-8E04-4662-A087-90C79E655C8E}
	EndGlobalSection
EndGlobal
